
Microsoft Visual Studio Solution File, Format Version 12.00
# Visual Studio Version 17
VisualStudioVersion = 17.7.34018.315
MinimumVisualStudioVersion = 10.0.40219.1
Project("{2150E333-8FDC-42A3-9474-1A3956D46DE8}") = "src", "src", "{FB52CDB0-F0D3-4D61-8FF8-D395311472E4}"
EndProject
Project("{2150E333-8FDC-42A3-9474-1A3956D46DE8}") = "Domain.Core", "Domain.Core", "{8DA63A29-CB46-493B-A7E1-BAFF62FFE859}"
EndProject
Project("{2150E333-8FDC-42A3-9474-1A3956D46DE8}") = "Infra.Core", "Infra.Core", "{E60118D0-E457-42C3-9BFD-0AA1ED3AA90E}"
EndProject
Project("{2150E333-8FDC-42A3-9474-1A3956D46DE8}") = "Application", "Application", "{805434D9-4653-4231-B3A5-FDF8C46AB46E}"
EndProject
Project("{2150E333-8FDC-42A3-9474-1A3956D46DE8}") = "Adapters", "Adapters", "{B84720A1-3FF3-4211-9B04-A732F2F3F69A}"
EndProject
Project("{2150E333-8FDC-42A3-9474-1A3956D46DE8}") = "Components", "Components", "{4667E5AE-0265-4B36-8425-1DF0F7CE753B}"
EndProject
Project("{2150E333-8FDC-42A3-9474-1A3956D46DE8}") = "Tests", "Tests", "{507EC7B1-194D-4DAF-9A60-42547CBD7827}"
EndProject
Project("{2150E333-8FDC-42A3-9474-1A3956D46DE8}") = "Ioc", "Ioc", "{6678A5C5-A557-4E44-880C-0A691C0EEA30}"
EndProject
Project("{9A19103F-16F7-4668-BE54-9A1E7A4F7556}") = "DesafioBackEnd.Application", "src\DesafioBackEnd.Application\DesafioBackEnd.Application.csproj", "{FA033C04-301C-497A-BF83-55B875264971}"
EndProject
Project("{9A19103F-16F7-4668-BE54-9A1E7A4F7556}") = "DesafioBackEnd.Domain.Core", "src\DesafioBackEnd.Domain.Core\DesafioBackEnd.Domain.Core.csproj", "{F86802FE-0497-44D2-AC88-601D5BCA0DFD}"
EndProject
Project("{9A19103F-16F7-4668-BE54-9A1E7A4F7556}") = "DesafioBackEnd.Infra.Core", "src\DesafioBackEnd.Infra.Core\DesafioBackEnd.Infra.Core.csproj", "{EFD7A51E-110F-4A8A-9D2E-C3DCC2C60986}"
EndProject
Project("{9A19103F-16F7-4668-BE54-9A1E7A4F7556}") = "Api.Rest", "src\Api.Rest\Api.Rest.csproj", "{C8E21B07-1E2E-4DC3-B550-D4336BD52CD3}"
EndProject
Project("{9A19103F-16F7-4668-BE54-9A1E7A4F7556}") = "DesafioBackEnd.IoC", "src\DesafioBackEnd.IoC\DesafioBackEnd.IoC.csproj", "{030A3F03-4CA3-46B3-A543-C8CA0F70F730}"
EndProject
Project("{E53339B2-1760-4266-BCC7-CA923CBCF16C}") = "docker-compose", "docker-compose.dcproj", "{8BDB7EAB-673B-4329-89BD-0F963ECC5D25}"
EndProject
Project("{2150E333-8FDC-42A3-9474-1A3956D46DE8}") = "Itens de Solução", "Itens de Solução", "{38B67544-9898-4AEB-BB6A-BD6D05CD465D}"
	ProjectSection(SolutionItems) = preProject
		READ.txt = READ.txt
	EndProjectSection
EndProject
Project("{9A19103F-16F7-4668-BE54-9A1E7A4F7556}") = "DesafioBackEnd.Test", "src\DesafioBackEnd.Test\DesafioBackEnd.Test.csproj", "{77E64D7C-5C0D-4C81-89EC-E1BF44249061}"
EndProject
Global
	GlobalSection(SolutionConfigurationPlatforms) = preSolution
		Debug|Any CPU = Debug|Any CPU
		Release|Any CPU = Release|Any CPU
	EndGlobalSection
	GlobalSection(ProjectConfigurationPlatforms) = postSolution
		{FA033C04-301C-497A-BF83-55B875264971}.Debug|Any CPU.ActiveCfg = Debug|Any CPU
		{FA033C04-301C-497A-BF83-55B875264971}.Debug|Any CPU.Build.0 = Debug|Any CPU
		{FA033C04-301C-497A-BF83-55B875264971}.Release|Any CPU.ActiveCfg = Release|Any CPU
		{FA033C04-301C-497A-BF83-55B875264971}.Release|Any CPU.Build.0 = Release|Any CPU
		{F86802FE-0497-44D2-AC88-601D5BCA0DFD}.Debug|Any CPU.ActiveCfg = Debug|Any CPU
		{F86802FE-0497-44D2-AC88-601D5BCA0DFD}.Debug|Any CPU.Build.0 = Debug|Any CPU
		{F86802FE-0497-44D2-AC88-601D5BCA0DFD}.Release|Any CPU.ActiveCfg = Release|Any CPU
		{F86802FE-0497-44D2-AC88-601D5BCA0DFD}.Release|Any CPU.Build.0 = Release|Any CPU
		{EFD7A51E-110F-4A8A-9D2E-C3DCC2C60986}.Debug|Any CPU.ActiveCfg = Debug|Any CPU
		{EFD7A51E-110F-4A8A-9D2E-C3DCC2C60986}.Debug|Any CPU.Build.0 = Debug|Any CPU
		{EFD7A51E-110F-4A8A-9D2E-C3DCC2C60986}.Release|Any CPU.ActiveCfg = Release|Any CPU
		{EFD7A51E-110F-4A8A-9D2E-C3DCC2C60986}.Release|Any CPU.Build.0 = Release|Any CPU
		{C8E21B07-1E2E-4DC3-B550-D4336BD52CD3}.Debug|Any CPU.ActiveCfg = Debug|Any CPU
		{C8E21B07-1E2E-4DC3-B550-D4336BD52CD3}.Debug|Any CPU.Build.0 = Debug|Any CPU
		{C8E21B07-1E2E-4DC3-B550-D4336BD52CD3}.Release|Any CPU.ActiveCfg = Release|Any CPU
		{C8E21B07-1E2E-4DC3-B550-D4336BD52CD3}.Release|Any CPU.Build.0 = Release|Any CPU
		{030A3F03-4CA3-46B3-A543-C8CA0F70F730}.Debug|Any CPU.ActiveCfg = Debug|Any CPU
		{030A3F03-4CA3-46B3-A543-C8CA0F70F730}.Debug|Any CPU.Build.0 = Debug|Any CPU
		{030A3F03-4CA3-46B3-A543-C8CA0F70F730}.Release|Any CPU.ActiveCfg = Release|Any CPU
		{030A3F03-4CA3-46B3-A543-C8CA0F70F730}.Release|Any CPU.Build.0 = Release|Any CPU
		{8BDB7EAB-673B-4329-89BD-0F963ECC5D25}.Debug|Any CPU.ActiveCfg = Debug|Any CPU
		{8BDB7EAB-673B-4329-89BD-0F963ECC5D25}.Debug|Any CPU.Build.0 = Debug|Any CPU
		{8BDB7EAB-673B-4329-89BD-0F963ECC5D25}.Release|Any CPU.ActiveCfg = Release|Any CPU
		{8BDB7EAB-673B-4329-89BD-0F963ECC5D25}.Release|Any CPU.Build.0 = Release|Any CPU
		{77E64D7C-5C0D-4C81-89EC-E1BF44249061}.Debug|Any CPU.ActiveCfg = Debug|Any CPU
		{77E64D7C-5C0D-4C81-89EC-E1BF44249061}.Debug|Any CPU.Build.0 = Debug|Any CPU
		{77E64D7C-5C0D-4C81-89EC-E1BF44249061}.Release|Any CPU.ActiveCfg = Release|Any CPU
		{77E64D7C-5C0D-4C81-89EC-E1BF44249061}.Release|Any CPU.Build.0 = Release|Any CPU
	EndGlobalSection
	GlobalSection(SolutionProperties) = preSolution
		HideSolutionNode = FALSE
	EndGlobalSection
	GlobalSection(NestedProjects) = preSolution
		{8DA63A29-CB46-493B-A7E1-BAFF62FFE859} = {4667E5AE-0265-4B36-8425-1DF0F7CE753B}
		{E60118D0-E457-42C3-9BFD-0AA1ED3AA90E} = {4667E5AE-0265-4B36-8425-1DF0F7CE753B}
		{805434D9-4653-4231-B3A5-FDF8C46AB46E} = {4667E5AE-0265-4B36-8425-1DF0F7CE753B}
		{B84720A1-3FF3-4211-9B04-A732F2F3F69A} = {FB52CDB0-F0D3-4D61-8FF8-D395311472E4}
		{4667E5AE-0265-4B36-8425-1DF0F7CE753B} = {FB52CDB0-F0D3-4D61-8FF8-D395311472E4}
		{507EC7B1-194D-4DAF-9A60-42547CBD7827} = {FB52CDB0-F0D3-4D61-8FF8-D395311472E4}
		{6678A5C5-A557-4E44-880C-0A691C0EEA30} = {4667E5AE-0265-4B36-8425-1DF0F7CE753B}
		{FA033C04-301C-497A-BF83-55B875264971} = {805434D9-4653-4231-B3A5-FDF8C46AB46E}
		{F86802FE-0497-44D2-AC88-601D5BCA0DFD} = {8DA63A29-CB46-493B-A7E1-BAFF62FFE859}
		{EFD7A51E-110F-4A8A-9D2E-C3DCC2C60986} = {E60118D0-E457-42C3-9BFD-0AA1ED3AA90E}
		{C8E21B07-1E2E-4DC3-B550-D4336BD52CD3} = {B84720A1-3FF3-4211-9B04-A732F2F3F69A}
		{030A3F03-4CA3-46B3-A543-C8CA0F70F730} = {6678A5C5-A557-4E44-880C-0A691C0EEA30}
		{77E64D7C-5C0D-4C81-89EC-E1BF44249061} = {507EC7B1-194D-4DAF-9A60-42547CBD7827}
	EndGlobalSection
	GlobalSection(ExtensibilityGlobals) = postSolution
		SolutionGuid = {2C4D6FD7-1028-449E-8D43-DCCB8FB1C9DF}
	EndGlobalSection
EndGlobal
